
Microsoft Visual Studio Solution File, Format Version 12.00
# Visual Studio Version 17
VisualStudioVersion = 17.4.33403.182
MinimumVisualStudioVersion = 10.0.40219.1
Project("{FAE04EC0-301F-11D3-BF4B-00C04F79EFBC}") = "20230703 Ex Centre Excursionista MVC", "20230703 Ex Centre Excursionista MVC\20230703 Ex Centre Excursionista MVC.csproj", "{CEF8D105-0AD0-428F-B35F-9CB9A1D9A3AC}"
EndProject
Global
	GlobalSection(SolutionConfigurationPlatforms) = preSolution
		Debug|Any CPU = Debug|Any CPU
		Release|Any CPU = Release|Any CPU
	EndGlobalSection
	GlobalSection(ProjectConfigurationPlatforms) = postSolution
		{CEF8D105-0AD0-428F-B35F-9CB9A1D9A3AC}.Debug|Any CPU.ActiveCfg = Debug|Any CPU
		{CEF8D105-0AD0-428F-B35F-9CB9A1D9A3AC}.Debug|Any CPU.Build.0 = Debug|Any CPU
		{CEF8D105-0AD0-428F-B35F-9CB9A1D9A3AC}.Release|Any CPU.ActiveCfg = Release|Any CPU
		{CEF8D105-0AD0-428F-B35F-9CB9A1D9A3AC}.Release|Any CPU.Build.0 = Release|Any CPU
	EndGlobalSection
	GlobalSection(SolutionProperties) = preSolution
		HideSolutionNode = FALSE
	EndGlobalSection
	GlobalSection(ExtensibilityGlobals) = postSolution
		SolutionGuid = {1118E616-4E6A-45DD-89FF-F20432CED0B6}
	EndGlobalSection
EndGlobal
